// !$*UTF8*$!
{
	archiveVersion = 1;
	classes = {
	};
	objectVersion = 77;
	objects = {

/* Begin PBXContainerItemProxy section */
		DF0058BC2DE7CD3D003539D5 /* PBXContainerItemProxy */ = {
			isa = PBXContainerItemProxy;
			containerPortal = DF0058A62DE7CD3C003539D5 /* Project object */;
			proxyType = 1;
			remoteGlobalIDString = DF0058AD2DE7CD3C003539D5;
			remoteInfo = BodyMetric;
		};
		DF0058C62DE7CD3D003539D5 /* PBXContainerItemProxy */ = {
			isa = PBXContainerItemProxy;
			containerPortal = DF0058A62DE7CD3C003539D5 /* Project object */;
			proxyType = 1;
			remoteGlobalIDString = DF0058AD2DE7CD3C003539D5;
			remoteInfo = BodyMetric;
		};
/* End PBXContainerItemProxy section */

/* Begin PBXFileReference section */
		DF0058AE2DE7CD3C003539D5 /* BodyMetric.app */ = {isa = PBXFileReference; explicitFileType = wrapper.application; includeInIndex = 0; path = BodyMetric.app; sourceTree = BUILT_PRODUCTS_DIR; };
		DF0058BB2DE7CD3D003539D5 /* BodyMetricTests.xctest */ = {isa = PBXFileReference; explicitFileType = wrapper.cfbundle; includeInIndex = 0; path = BodyMetricTests.xctest; sourceTree = BUILT_PRODUCTS_DIR; };
		DF0058C52DE7CD3D003539D5 /* BodyMetricUITests.xctest */ = {isa = PBXFileReference; explicitFileType = wrapper.cfbundle; includeInIndex = 0; path = BodyMetricUITests.xctest; sourceTree = BUILT_PRODUCTS_DIR; };
/* End PBXFileReference section */

/* Begin PBXFileSystemSynchronizedRootGroup section */
		DF0058B02DE7CD3C003539D5 /* BodyMetric */ = {
			isa = PBXFileSystemSynchronizedRootGroup;
			path = BodyMetric;
			sourceTree = "<group>";
		};
		DF0058BE2DE7CD3D003539D5 /* BodyMetricTests */ = {
			isa = PBXFileSystemSynchronizedRootGroup;
			path = BodyMetricTests;
			sourceTree = "<group>";
		};
		DF0058C82DE7CD3D003539D5 /* BodyMetricUITests */ = {
			isa = PBXFileSystemSynchronizedRootGroup;
			path = BodyMetricUITests;
			sourceTree = "<group>";
		};
/* End PBXFileSystemSynchronizedRootGroup section */

/* Begin PBXFrameworksBuildPhase section */
		DF0058AB2DE7CD3C003539D5 /* Frameworks */ = {
			isa = PBXFrameworksBuildPhase;
			buildActionMask = 2147483647;
			files = (
			);
			runOnlyForDeploymentPostprocessing = 0;
		};
		DF0058B82DE7CD3D003539D5 /* Frameworks */ = {
			isa = PBXFrameworksBuildPhase;
			buildActionMask = 2147483647;
			files = (
			);
			runOnlyForDeploymentPostprocessing = 0;
		};
		DF0058C22DE7CD3D003539D5 /* Frameworks */ = {
			isa = PBXFrameworksBuildPhase;
			buildActionMask = 2147483647;
			files = (
			);
			runOnlyForDeploymentPostprocessing = 0;
		};
/* End PBXFrameworksBuildPhase section */

/* Begin PBXGroup section */
		DF0058A52DE7CD3C003539D5 = {
			isa = PBXGroup;
			children = (
				DF0058B02DE7CD3C003539D5 /* BodyMetric */,
				DF0058BE2DE7CD3D003539D5 /* BodyMetricTests */,
				DF0058C82DE7CD3D003539D5 /* BodyMetricUITests */,
				DF0058AF2DE7CD3C003539D5 /* Products */,
			);
			sourceTree = "<group>";
		};
		DF0058AF2DE7CD3C003539D5 /* Products */ = {
			isa = PBXGroup;
			children = (
				DF0058AE2DE7CD3C003539D5 /* BodyMetric.app */,
				DF0058BB2DE7CD3D003539D5 /* BodyMetricTests.xctest */,
				DF0058C52DE7CD3D003539D5 /* BodyMetricUITests.xctest */,
			);
			name = Products;
			sourceTree = "<group>";
		};
/* End PBXGroup section */

/* Begin PBXNativeTarget section */
		DF0058AD2DE7CD3C003539D5 /* BodyMetric */ = {
			isa = PBXNativeTarget;
			buildConfigurationList = DF0058CF2DE7CD3D003539D5 /* Build configuration list for PBXNativeTarget "BodyMetric" */;
			buildPhases = (
				DF0058AA2DE7CD3C003539D5 /* Sources */,
				DF0058AB2DE7CD3C003539D5 /* Frameworks */,
				DF0058AC2DE7CD3C003539D5 /* Resources */,
			);
			buildRules = (
			);
			dependencies = (
			);
			fileSystemSynchronizedGroups = (
				DF0058B02DE7CD3C003539D5 /* BodyMetric */,
			);
			name = BodyMetric;
			packageProductDependencies = (
			);
			productName = BodyMetric;
			productReference = DF0058AE2DE7CD3C003539D5 /* BodyMetric.app */;
			productType = "com.apple.product-type.application";
		};
		DF0058BA2DE7CD3D003539D5 /* BodyMetricTests */ = {
			isa = PBXNativeTarget;
			buildConfigurationList = DF0058D22DE7CD3D003539D5 /* Build configuration list for PBXNativeTarget "BodyMetricTests" */;
			buildPhases = (
				DF0058B72DE7CD3D003539D5 /* Sources */,
				DF0058B82DE7CD3D003539D5 /* Frameworks */,
				DF0058B92DE7CD3D003539D5 /* Resources */,
			);
			buildRules = (
			);
			dependencies = (
				DF0058BD2DE7CD3D003539D5 /* PBXTargetDependency */,
			);
			fileSystemSynchronizedGroups = (
				DF0058BE2DE7CD3D003539D5 /* BodyMetricTests */,
			);
			name = BodyMetricTests;
			packageProductDependencies = (
			);
			productName = BodyMetricTests;
			productReference = DF0058BB2DE7CD3D003539D5 /* BodyMetricTests.xctest */;
			productType = "com.apple.product-type.bundle.unit-test";
		};
		DF0058C42DE7CD3D003539D5 /* BodyMetricUITests */ = {
			isa = PBXNativeTarget;
			buildConfigurationList = DF0058D52DE7CD3D003539D5 /* Build configuration list for PBXNativeTarget "BodyMetricUITests" */;
			buildPhases = (
				DF0058C12DE7CD3D003539D5 /* Sources */,
				DF0058C22DE7CD3D003539D5 /* Frameworks */,
				DF0058C32DE7CD3D003539D5 /* Resources */,
			);
			buildRules = (
			);
			dependencies = (
				DF0058C72DE7CD3D003539D5 /* PBXTargetDependency */,
			);
			fileSystemSynchronizedGroups = (
				DF0058C82DE7CD3D003539D5 /* BodyMetricUITests */,
			);
			name = BodyMetricUITests;
			packageProductDependencies = (
			);
			productName = BodyMetricUITests;
			productReference = DF0058C52DE7CD3D003539D5 /* BodyMetricUITests.xctest */;
			productType = "com.apple.product-type.bundle.ui-testing";
		};
/* End PBXNativeTarget section */

/* Begin PBXProject section */
		DF0058A62DE7CD3C003539D5 /* Project object */ = {
			isa = PBXProject;
			attributes = {
				BuildIndependentTargetsInParallel = 1;
				LastSwiftUpdateCheck = 1630;
				LastUpgradeCheck = 1630;
				TargetAttributes = {
					DF0058AD2DE7CD3C003539D5 = {
						CreatedOnToolsVersion = 16.3;
					};
					DF0058BA2DE7CD3D003539D5 = {
						CreatedOnToolsVersion = 16.3;
						TestTargetID = DF0058AD2DE7CD3C003539D5;
					};
					DF0058C42DE7CD3D003539D5 = {
						CreatedOnToolsVersion = 16.3;
						TestTargetID = DF0058AD2DE7CD3C003539D5;
					};
				};
			};
			buildConfigurationList = DF0058A92DE7CD3C003539D5 /* Build configuration list for PBXProject "BodyMetric" */;
			developmentRegion = en;
			hasScannedForEncodings = 0;
			knownRegions = (
				en,
				Base,
			);
			mainGroup = DF0058A52DE7CD3C003539D5;
			minimizedProjectReferenceProxies = 1;
			preferredProjectObjectVersion = 77;
			productRefGroup = DF0058AF2DE7CD3C003539D5 /* Products */;
			projectDirPath = "";
			projectRoot = "";
			targets = (
				DF0058AD2DE7CD3C003539D5 /* BodyMetric */,
				DF0058BA2DE7CD3D003539D5 /* BodyMetricTests */,
				DF0058C42DE7CD3D003539D5 /* BodyMetricUITests */,
			);
		};
/* End PBXProject section */

/* Begin PBXResourcesBuildPhase section */
		DF0058AC2DE7CD3C003539D5 /* Resources */ = {
			isa = PBXResourcesBuildPhase;
			buildActionMask = 2147483647;
			files = (
			);
			runOnlyForDeploymentPostprocessing = 0;
		};
		DF0058B92DE7CD3D003539D5 /* Resources */ = {
			isa = PBXResourcesBuildPhase;
			buildActionMask = 2147483647;
			files = (
			);
			runOnlyForDeploymentPostprocessing = 0;
		};
		DF0058C32DE7CD3D003539D5 /* Resources */ = {
			isa = PBXResourcesBuildPhase;
			buildActionMask = 2147483647;
			files = (
			);
			runOnlyForDeploymentPostprocessing = 0;
		};
/* End PBXResourcesBuildPhase section */

/* Begin PBXSourcesBuildPhase section */
		DF0058AA2DE7CD3C003539D5 /* Sources */ = {
			isa = PBXSourcesBuildPhase;
			buildActionMask = 2147483647;
			files = (
			);
			runOnlyForDeploymentPostprocessing = 0;
		};
		DF0058B72DE7CD3D003539D5 /* Sources */ = {
			isa = PBXSourcesBuildPhase;
			buildActionMask = 2147483647;
			files = (
			);
			runOnlyForDeploymentPostprocessing = 0;
		};
		DF0058C12DE7CD3D003539D5 /* Sources */ = {
			isa = PBXSourcesBuildPhase;
			buildActionMask = 2147483647;
			files = (
			);
			runOnlyForDeploymentPostprocessing = 0;
		};
/* End PBXSourcesBuildPhase section */

/* Begin PBXTargetDependency section */
		DF0058BD2DE7CD3D003539D5 /* PBXTargetDependency */ = {
			isa = PBXTargetDependency;
			target = DF0058AD2DE7CD3C003539D5 /* BodyMetric */;
			targetProxy = DF0058BC2DE7CD3D003539D5 /* PBXContainerItemProxy */;
		};
		DF0058C72DE7CD3D003539D5 /* PBXTargetDependency */ = {
			isa = PBXTargetDependency;
			target = DF0058AD2DE7CD3C003539D5 /* BodyMetric */;
			targetProxy = DF0058C62DE7CD3D003539D5 /* PBXContainerItemProxy */;
		};
/* End PBXTargetDependency section */

/* Begin XCBuildConfiguration section */
		DF0058CD2DE7CD3D003539D5 /* Debug */ = {
			isa = XCBuildConfiguration;
			buildSettings = {
				ALWAYS_SEARCH_USER_PATHS = NO;
				ASSETCATALOG_COMPILER_GENERATE_SWIFT_ASSET_SYMBOL_EXTENSIONS = YES;
				CLANG_ANALYZER_NONNULL = YES;
				CLANG_ANALYZER_NUMBER_OBJECT_CONVERSION = YES_AGGRESSIVE;
				CLANG_CXX_LANGUAGE_STANDARD = "gnu++20";
				CLANG_ENABLE_MODULES = YES;
				CLANG_ENABLE_OBJC_ARC = YES;
				CLANG_ENABLE_OBJC_WEAK = YES;
				CLANG_WARN_BLOCK_CAPTURE_AUTORELEASING = YES;
				CLANG_WARN_BOOL_CONVERSION = YES;
				CLANG_WARN_COMMA = YES;
				CLANG_WARN_CONSTANT_CONVERSION = YES;
				CLANG_WARN_DEPRECATED_OBJC_IMPLEMENTATIONS = YES;
				CLANG_WARN_DIRECT_OBJC_ISA_USAGE = YES_ERROR;
				CLANG_WARN_DOCUMENTATION_COMMENTS = YES;
				CLANG_WARN_EMPTY_BODY = YES;
				CLANG_WARN_ENUM_CONVERSION = YES;
				CLANG_WARN_INFINITE_RECURSION = YES;
				CLANG_WARN_INT_CONVERSION = YES;
				CLANG_WARN_NON_LITERAL_NULL_CONVERSION = YES;
				CLANG_WARN_OBJC_IMPLICIT_RETAIN_SELF = YES;
				CLANG_WARN_OBJC_LITERAL_CONVERSION = YES;
				CLANG_WARN_OBJC_ROOT_CLASS = YES_ERROR;
				CLANG_WARN_QUOTED_INCLUDE_IN_FRAMEWORK_HEADER = YES;
				CLANG_WARN_RANGE_LOOP_ANALYSIS = YES;
				CLANG_WARN_STRICT_PROTOTYPES = YES;
				CLANG_WARN_SUSPICIOUS_MOVE = YES;
				CLANG_WARN_UNGUARDED_AVAILABILITY = YES_AGGRESSIVE;
				CLANG_WARN_UNREACHABLE_CODE = YES;
				CLANG_WARN__DUPLICATE_METHOD_MATCH = YES;
				COPY_PHASE_STRIP = NO;
				DEBUG_INFORMATION_FORMAT = dwarf;
				ENABLE_STRICT_OBJC_MSGSEND = YES;
				ENABLE_TESTABILITY = YES;
				ENABLE_USER_SCRIPT_SANDBOXING = YES;
				GCC_C_LANGUAGE_STANDARD = gnu17;
				GCC_DYNAMIC_NO_PIC = NO;
				GCC_NO_COMMON_BLOCKS = YES;
				GCC_OPTIMIZATION_LEVEL = 0;
				GCC_PREPROCESSOR_DEFINITIONS = (
					"DEBUG=1",
					"$(inherited)",
				);
				GCC_WARN_64_TO_32_BIT_CONVERSION = YES;
				GCC_WARN_ABOUT_RETURN_TYPE = YES_ERROR;
				GCC_WARN_UNDECLARED_SELECTOR = YES;
				GCC_WARN_UNINITIALIZED_AUTOS = YES_AGGRESSIVE;
				GCC_WARN_UNUSED_FUNCTION = YES;
				GCC_WARN_UNUSED_VARIABLE = YES;
				IPHONEOS_DEPLOYMENT_TARGET = 18.4;
				LOCALIZATION_PREFERS_STRING_CATALOGS = YES;
				MTL_ENABLE_DEBUG_INFO = INCLUDE_SOURCE;
				MTL_FAST_MATH = YES;
				ONLY_ACTIVE_ARCH = YES;
				SDKROOT = iphoneos;
				SWIFT_ACTIVE_COMPILATION_CONDITIONS = "DEBUG $(inherited)";
				SWIFT_OPTIMIZATION_LEVEL = "-Onone";
			};
			name = Debug;
		};
		DF0058CE2DE7CD3D003539D5 /* Release */ = {
			isa = XCBuildConfiguration;
			buildSettings = {
				ALWAYS_SEARCH_USER_PATHS = NO;
				ASSETCATALOG_COMPILER_GENERATE_SWIFT_ASSET_SYMBOL_EXTENSIONS = YES;
				CLANG_ANALYZER_NONNULL = YES;
				CLANG_ANALYZER_NUMBER_OBJECT_CONVERSION = YES_AGGRESSIVE;
				CLANG_CXX_LANGUAGE_STANDARD = "gnu++20";
				CLANG_ENABLE_MODULES = YES;
				CLANG_ENABLE_OBJC_ARC = YES;
				CLANG_ENABLE_OBJC_WEAK = YES;
				CLANG_WARN_BLOCK_CAPTURE_AUTORELEASING = YES;
				CLANG_WARN_BOOL_CONVERSION = YES;
				CLANG_WARN_COMMA = YES;
				CLANG_WARN_CONSTANT_CONVERSION = YES;
				CLANG_WARN_DEPRECATED_OBJC_IMPLEMENTATIONS = YES;
				CLANG_WARN_DIRECT_OBJC_ISA_USAGE = YES_ERROR;
				CLANG_WARN_DOCUMENTATION_COMMENTS = YES;
				CLANG_WARN_EMPTY_BODY = YES;
				CLANG_WARN_ENUM_CONVERSION = YES;
				CLANG_WARN_INFINITE_RECURSION = YES;
				CLANG_WARN_INT_CONVERSION = YES;
				CLANG_WARN_NON_LITERAL_NULL_CONVERSION = YES;
				CLANG_WARN_OBJC_IMPLICIT_RETAIN_SELF = YES;
				CLANG_WARN_OBJC_LITERAL_CONVERSION = YES;
				CLANG_WARN_OBJC_ROOT_CLASS = YES_ERROR;
				CLANG_WARN_QUOTED_INCLUDE_IN_FRAMEWORK_HEADER = YES;
				CLANG_WARN_RANGE_LOOP_ANALYSIS = YES;
				CLANG_WARN_STRICT_PROTOTYPES = YES;
				CLANG_WARN_SUSPICIOUS_MOVE = YES;
				CLANG_WARN_UNGUARDED_AVAILABILITY = YES_AGGRESSIVE;
				CLANG_WARN_UNREACHABLE_CODE = YES;
				CLANG_WARN__DUPLICATE_METHOD_MATCH = YES;
				COPY_PHASE_STRIP = NO;
				DEBUG_INFORMATION_FORMAT = "dwarf-with-dsym";
				ENABLE_NS_ASSERTIONS = NO;
				ENABLE_STRICT_OBJC_MSGSEND = YES;
				ENABLE_USER_SCRIPT_SANDBOXING = YES;
				GCC_C_LANGUAGE_STANDARD = gnu17;
				GCC_NO_COMMON_BLOCKS = YES;
				GCC_WARN_64_TO_32_BIT_CONVERSION = YES;
				GCC_WARN_ABOUT_RETURN_TYPE = YES_ERROR;
				GCC_WARN_UNDECLARED_SELECTOR = YES;
				GCC_WARN_UNINITIALIZED_AUTOS = YES_AGGRESSIVE;
				GCC_WARN_UNUSED_FUNCTION = YES;
				GCC_WARN_UNUSED_VARIABLE = YES;
				IPHONEOS_DEPLOYMENT_TARGET = 18.4;
				LOCALIZATION_PREFERS_STRING_CATALOGS = YES;
				MTL_ENABLE_DEBUG_INFO = NO;
				MTL_FAST_MATH = YES;
				SDKROOT = iphoneos;
				SWIFT_COMPILATION_MODE = wholemodule;
				VALIDATE_PRODUCT = YES;
			};
			name = Release;
		};
		DF0058D02DE7CD3D003539D5 /* Debug */ = {
			isa = XCBuildConfiguration;
			buildSettings = {
				ASSETCATALOG_COMPILER_APPICON_NAME = AppIcon;
				ASSETCATALOG_COMPILER_GLOBAL_ACCENT_COLOR_NAME = AccentColor;
				CODE_SIGN_STYLE = Automatic;
				CURRENT_PROJECT_VERSION = 1;
				ENABLE_PREVIEWS = YES;
				GENERATE_INFOPLIST_FILE = YES;
				INFOPLIST_KEY_UIApplicationSceneManifest_Generation = YES;
				INFOPLIST_KEY_UIApplicationSupportsIndirectInputEvents = YES;
				INFOPLIST_KEY_UILaunchScreen_Generation = YES;
				INFOPLIST_KEY_UISupportedInterfaceOrientations_iPad = "UIInterfaceOrientationPortrait UIInterfaceOrientationPortraitUpsideDown UIInterfaceOrientationLandscapeLeft UIInterfaceOrientationLandscapeRight";
				INFOPLIST_KEY_UISupportedInterfaceOrientations_iPhone = "UIInterfaceOrientationPortrait UIInterfaceOrientationLandscapeLeft UIInterfaceOrientationLandscapeRight";
				LD_RUNPATH_SEARCH_PATHS = (
					"$(inherited)",
					"@executable_path/Frameworks",
				);
				MARKETING_VERSION = 1.0;
				PRODUCT_BUNDLE_IDENTIFIER = com.guiodai.BodyMetric;
				PRODUCT_NAME = "$(TARGET_NAME)";
				SWIFT_EMIT_LOC_STRINGS = YES;
				SWIFT_VERSION = 5.0;
				TARGETED_DEVICE_FAMILY = "1,2";
			};
			name = Debug;
		};
		DF0058D12DE7CD3D003539D5 /* Release */ = {
			isa = XCBuildConfiguration;
			buildSettings = {
				ASSETCATALOG_COMPILER_APPICON_NAME = AppIcon;
				ASSETCATALOG_COMPILER_GLOBAL_ACCENT_COLOR_NAME = AccentColor;
				CODE_SIGN_STYLE = Automatic;
				CURRENT_PROJECT_VERSION = 1;
				ENABLE_PREVIEWS = YES;
				GENERATE_INFOPLIST_FILE = YES;
				INFOPLIST_KEY_UIApplicationSceneManifest_Generation = YES;
				INFOPLIST_KEY_UIApplicationSupportsIndirectInputEvents = YES;
				INFOPLIST_KEY_UILaunchScreen_Generation = YES;
				INFOPLIST_KEY_UISupportedInterfaceOrientations_iPad = "UIInterfaceOrientationPortrait UIInterfaceOrientationPortraitUpsideDown UIInterfaceOrientationLandscapeLeft UIInterfaceOrientationLandscapeRight";
				INFOPLIST_KEY_UISupportedInterfaceOrientations_iPhone = "UIInterfaceOrientationPortrait UIInterfaceOrientationLandscapeLeft UIInterfaceOrientationLandscapeRight";
				LD_RUNPATH_SEARCH_PATHS = (
					"$(inherited)",
					"@executable_path/Frameworks",
				);
				MARKETING_VERSION = 1.0;
				PRODUCT_BUNDLE_IDENTIFIER = com.guiodai.BodyMetric;
				PRODUCT_NAME = "$(TARGET_NAME)";
				SWIFT_EMIT_LOC_STRINGS = YES;
				SWIFT_VERSION = 5.0;
				TARGETED_DEVICE_FAMILY = "1,2";
			};
			name = Release;
		};
		DF0058D32DE7CD3D003539D5 /* Debug */ = {
			isa = XCBuildConfiguration;
			buildSettings = {
				BUNDLE_LOADER = "$(TEST_HOST)";
				CODE_SIGN_STYLE = Automatic;
				CURRENT_PROJECT_VERSION = 1;
				GENERATE_INFOPLIST_FILE = YES;
				IPHONEOS_DEPLOYMENT_TARGET = 18.4;
				MARKETING_VERSION = 1.0;
				PRODUCT_BUNDLE_IDENTIFIER = com.guiodai.BodyMetricTests;
				PRODUCT_NAME = "$(TARGET_NAME)";
				SWIFT_EMIT_LOC_STRINGS = NO;
				SWIFT_VERSION = 5.0;
				TARGETED_DEVICE_FAMILY = "1,2";
				TEST_HOST = "$(BUILT_PRODUCTS_DIR)/BodyMetric.app/$(BUNDLE_EXECUTABLE_FOLDER_PATH)/BodyMetric";
			};
			name = Debug;
		};
		DF0058D42DE7CD3D003539D5 /* Release */ = {
			isa = XCBuildConfiguration;
			buildSettings = {
				BUNDLE_LOADER = "$(TEST_HOST)";
				CODE_SIGN_STYLE = Automatic;
				CURRENT_PROJECT_VERSION = 1;
				GENERATE_INFOPLIST_FILE = YES;
				IPHONEOS_DEPLOYMENT_TARGET = 18.4;
				MARKETING_VERSION = 1.0;
				PRODUCT_BUNDLE_IDENTIFIER = com.guiodai.BodyMetricTests;
				PRODUCT_NAME = "$(TARGET_NAME)";
				SWIFT_EMIT_LOC_STRINGS = NO;
				SWIFT_VERSION = 5.0;
				TARGETED_DEVICE_FAMILY = "1,2";
				TEST_HOST = "$(BUILT_PRODUCTS_DIR)/BodyMetric.app/$(BUNDLE_EXECUTABLE_FOLDER_PATH)/BodyMetric";
			};
			name = Release;
		};
		DF0058D62DE7CD3D003539D5 /* Debug */ = {
			isa = XCBuildConfiguration;
			buildSettings = {
				CODE_SIGN_STYLE = Automatic;
				CURRENT_PROJECT_VERSION = 1;
				GENERATE_INFOPLIST_FILE = YES;
				MARKETING_VERSION = 1.0;
				PRODUCT_BUNDLE_IDENTIFIER = com.guiodai.BodyMetricUITests;
				PRODUCT_NAME = "$(TARGET_NAME)";
				SWIFT_EMIT_LOC_STRINGS = NO;
				SWIFT_VERSION = 5.0;
				TARGETED_DEVICE_FAMILY = "1,2";
				TEST_TARGET_NAME = BodyMetric;
			};
			name = Debug;
		};
		DF0058D72DE7CD3D003539D5 /* Release */ = {
			isa = XCBuildConfiguration;
			buildSettings = {
				CODE_SIGN_STYLE = Automatic;
				CURRENT_PROJECT_VERSION = 1;
				GENERATE_INFOPLIST_FILE = YES;
				MARKETING_VERSION = 1.0;
				PRODUCT_BUNDLE_IDENTIFIER = com.guiodai.BodyMetricUITests;
				PRODUCT_NAME = "$(TARGET_NAME)";
				SWIFT_EMIT_LOC_STRINGS = NO;
				SWIFT_VERSION = 5.0;
				TARGETED_DEVICE_FAMILY = "1,2";
				TEST_TARGET_NAME = BodyMetric;
			};
			name = Release;
		};
/* End XCBuildConfiguration section */

/* Begin XCConfigurationList section */
		DF0058A92DE7CD3C003539D5 /* Build configuration list for PBXProject "BodyMetric" */ = {
			isa = XCConfigurationList;
			buildConfigurations = (
				DF0058CD2DE7CD3D003539D5 /* Debug */,
				DF0058CE2DE7CD3D003539D5 /* Release */,
			);
			defaultConfigurationIsVisible = 0;
			defaultConfigurationName = Release;
		};
		DF0058CF2DE7CD3D003539D5 /* Build configuration list for PBXNativeTarget "BodyMetric" */ = {
			isa = XCConfigurationList;
			buildConfigurations = (
				DF0058D02DE7CD3D003539D5 /* Debug */,
				DF0058D12DE7CD3D003539D5 /* Release */,
			);
			defaultConfigurationIsVisible = 0;
			defaultConfigurationName = Release;
		};
		DF0058D22DE7CD3D003539D5 /* Build configuration list for PBXNativeTarget "BodyMetricTests" */ = {
			isa = XCConfigurationList;
			buildConfigurations = (
				DF0058D32DE7CD3D003539D5 /* Debug */,
				DF0058D42DE7CD3D003539D5 /* Release */,
			);
			defaultConfigurationIsVisible = 0;
			defaultConfigurationName = Release;
		};
		DF0058D52DE7CD3D003539D5 /* Build configuration list for PBXNativeTarget "BodyMetricUITests" */ = {
			isa = XCConfigurationList;
			buildConfigurations = (
				DF0058D62DE7CD3D003539D5 /* Debug */,
				DF0058D72DE7CD3D003539D5 /* Release */,
			);
			defaultConfigurationIsVisible = 0;
			defaultConfigurationName = Release;
		};
/* End XCConfigurationList section */
	};
	rootObject = DF0058A62DE7CD3C003539D5 /* Project object */;
}
